// !$*UTF8*$!
{
	archiveVersion = 1;
	classes = {
	};
	objectVersion = 55;
	objects = {

/* Begin PBXBuildFile section */
		1A7C351D28899F7000FC98F3 /* EvangelistTestApp.swift in Sources */ = {isa = PBXBuildFile; fileRef = 1A7C351C28899F7000FC98F3 /* EvangelistTestApp.swift */; };
		1A7C351F28899F7000FC98F3 /* ContentView.swift in Sources */ = {isa = PBXBuildFile; fileRef = 1A7C351E28899F7000FC98F3 /* ContentView.swift */; };
		1A7C352128899F7400FC98F3 /* Assets.xcassets in Resources */ = {isa = PBXBuildFile; fileRef = 1A7C352028899F7400FC98F3 /* Assets.xcassets */; };
		1A7C352428899F7400FC98F3 /* Preview Assets.xcassets in Resources */ = {isa = PBXBuildFile; fileRef = 1A7C352328899F7400FC98F3 /* Preview Assets.xcassets */; };
		1A7C352E28899F7400FC98F3 /* EvangelistTestTests.swift in Sources */ = {isa = PBXBuildFile; fileRef = 1A7C352D28899F7400FC98F3 /* EvangelistTestTests.swift */; };
		1A7C353828899F7400FC98F3 /* EvangelistTestUITests.swift in Sources */ = {isa = PBXBuildFile; fileRef = 1A7C353728899F7400FC98F3 /* EvangelistTestUITests.swift */; };
		1A7C353A28899F7400FC98F3 /* EvangelistTestUITestsLaunchTests.swift in Sources */ = {isa = PBXBuildFile; fileRef = 1A7C353928899F7400FC98F3 /* EvangelistTestUITestsLaunchTests.swift */; };
		1A82A6C9288ED3F50024E2E8 /* Feedback.swift in Sources */ = {isa = PBXBuildFile; fileRef = 1A82A6C8288ED3F50024E2E8 /* Feedback.swift */; };
		1A82A6CB288ED56A0024E2E8 /* System.swift in Sources */ = {isa = PBXBuildFile; fileRef = 1A82A6CA288ED56A0024E2E8 /* System.swift */; };
		1A82A6CD288ED5DE0024E2E8 /* CurrentWeatherViewModel.swift in Sources */ = {isa = PBXBuildFile; fileRef = 1A82A6CC288ED5DE0024E2E8 /* CurrentWeatherViewModel.swift */; };
		1AB5924E288CFA5B0092BA5B /* Agent.swift in Sources */ = {isa = PBXBuildFile; fileRef = 1AB5924D288CFA5B0092BA5B /* Agent.swift */; };
		1AB59250288CFC230092BA5B /* WeatherAPI.swift in Sources */ = {isa = PBXBuildFile; fileRef = 1AB5924F288CFC230092BA5B /* WeatherAPI.swift */; };
		1AB59253288D08ED0092BA5B /* ResponseDTO.swift in Sources */ = {isa = PBXBuildFile; fileRef = 1AB59252288D08ED0092BA5B /* ResponseDTO.swift */; };
		1AB59256288D0B7D0092BA5B /* WeatherRequest.swift in Sources */ = {isa = PBXBuildFile; fileRef = 1AB59255288D0B7D0092BA5B /* WeatherRequest.swift */; };
		1ABA69652896CB3E005CFB2D /* CurrentWeatherView.swift in Sources */ = {isa = PBXBuildFile; fileRef = 1ABA69642896CB3E005CFB2D /* CurrentWeatherView.swift */; };
		1ABA69682896CC1A005CFB2D /* View+Ext.swift in Sources */ = {isa = PBXBuildFile; fileRef = 1ABA69672896CC1A005CFB2D /* View+Ext.swift */; };
		1ABA696B2896CCD6005CFB2D /* Spinner.swift in Sources */ = {isa = PBXBuildFile; fileRef = 1ABA696A2896CCD6005CFB2D /* Spinner.swift */; };
/* End PBXBuildFile section */

/* Begin PBXContainerItemProxy section */
		1A7C352A28899F7400FC98F3 /* PBXContainerItemProxy */ = {
			isa = PBXContainerItemProxy;
			containerPortal = 1A7C351128899F7000FC98F3 /* Project object */;
			proxyType = 1;
			remoteGlobalIDString = 1A7C351828899F7000FC98F3;
			remoteInfo = EvangelistTest;
		};
		1A7C353428899F7400FC98F3 /* PBXContainerItemProxy */ = {
			isa = PBXContainerItemProxy;
			containerPortal = 1A7C351128899F7000FC98F3 /* Project object */;
			proxyType = 1;
			remoteGlobalIDString = 1A7C351828899F7000FC98F3;
			remoteInfo = EvangelistTest;
		};
/* End PBXContainerItemProxy section */

/* Begin PBXFileReference section */
		1A7C351928899F7000FC98F3 /* EvangelistTest.app */ = {isa = PBXFileReference; explicitFileType = wrapper.application; includeInIndex = 0; path = EvangelistTest.app; sourceTree = BUILT_PRODUCTS_DIR; };
		1A7C351C28899F7000FC98F3 /* EvangelistTestApp.swift */ = {isa = PBXFileReference; lastKnownFileType = sourcecode.swift; path = EvangelistTestApp.swift; sourceTree = "<group>"; };
		1A7C351E28899F7000FC98F3 /* ContentView.swift */ = {isa = PBXFileReference; lastKnownFileType = sourcecode.swift; path = ContentView.swift; sourceTree = "<group>"; };
		1A7C352028899F7400FC98F3 /* Assets.xcassets */ = {isa = PBXFileReference; lastKnownFileType = folder.assetcatalog; path = Assets.xcassets; sourceTree = "<group>"; };
		1A7C352328899F7400FC98F3 /* Preview Assets.xcassets */ = {isa = PBXFileReference; lastKnownFileType = folder.assetcatalog; path = "Preview Assets.xcassets"; sourceTree = "<group>"; };
		1A7C352928899F7400FC98F3 /* EvangelistTestTests.xctest */ = {isa = PBXFileReference; explicitFileType = wrapper.cfbundle; includeInIndex = 0; path = EvangelistTestTests.xctest; sourceTree = BUILT_PRODUCTS_DIR; };
		1A7C352D28899F7400FC98F3 /* EvangelistTestTests.swift */ = {isa = PBXFileReference; lastKnownFileType = sourcecode.swift; path = EvangelistTestTests.swift; sourceTree = "<group>"; };
		1A7C353328899F7400FC98F3 /* EvangelistTestUITests.xctest */ = {isa = PBXFileReference; explicitFileType = wrapper.cfbundle; includeInIndex = 0; path = EvangelistTestUITests.xctest; sourceTree = BUILT_PRODUCTS_DIR; };
		1A7C353728899F7400FC98F3 /* EvangelistTestUITests.swift */ = {isa = PBXFileReference; lastKnownFileType = sourcecode.swift; path = EvangelistTestUITests.swift; sourceTree = "<group>"; };
		1A7C353928899F7400FC98F3 /* EvangelistTestUITestsLaunchTests.swift */ = {isa = PBXFileReference; lastKnownFileType = sourcecode.swift; path = EvangelistTestUITestsLaunchTests.swift; sourceTree = "<group>"; };
		1A82A6C8288ED3F50024E2E8 /* Feedback.swift */ = {isa = PBXFileReference; lastKnownFileType = sourcecode.swift; path = Feedback.swift; sourceTree = "<group>"; };
		1A82A6CA288ED56A0024E2E8 /* System.swift */ = {isa = PBXFileReference; lastKnownFileType = sourcecode.swift; path = System.swift; sourceTree = "<group>"; };
		1A82A6CC288ED5DE0024E2E8 /* CurrentWeatherViewModel.swift */ = {isa = PBXFileReference; lastKnownFileType = sourcecode.swift; path = CurrentWeatherViewModel.swift; sourceTree = "<group>"; };
		1AB5924D288CFA5B0092BA5B /* Agent.swift */ = {isa = PBXFileReference; lastKnownFileType = sourcecode.swift; path = Agent.swift; sourceTree = "<group>"; };
		1AB5924F288CFC230092BA5B /* WeatherAPI.swift */ = {isa = PBXFileReference; lastKnownFileType = sourcecode.swift; path = WeatherAPI.swift; sourceTree = "<group>"; };
		1AB59252288D08ED0092BA5B /* ResponseDTO.swift */ = {isa = PBXFileReference; lastKnownFileType = sourcecode.swift; path = ResponseDTO.swift; sourceTree = "<group>"; };
		1AB59255288D0B7D0092BA5B /* WeatherRequest.swift */ = {isa = PBXFileReference; lastKnownFileType = sourcecode.swift; path = WeatherRequest.swift; sourceTree = "<group>"; };
		1ABA69642896CB3E005CFB2D /* CurrentWeatherView.swift */ = {isa = PBXFileReference; lastKnownFileType = sourcecode.swift; path = CurrentWeatherView.swift; sourceTree = "<group>"; };
		1ABA69672896CC1A005CFB2D /* View+Ext.swift */ = {isa = PBXFileReference; lastKnownFileType = sourcecode.swift; path = "View+Ext.swift"; sourceTree = "<group>"; };
		1ABA696A2896CCD6005CFB2D /* Spinner.swift */ = {isa = PBXFileReference; lastKnownFileType = sourcecode.swift; path = Spinner.swift; sourceTree = "<group>"; };
/* End PBXFileReference section */

/* Begin PBXFrameworksBuildPhase section */
		1A7C351628899F7000FC98F3 /* Frameworks */ = {
			isa = PBXFrameworksBuildPhase;
			buildActionMask = 2147483647;
			files = (
			);
			runOnlyForDeploymentPostprocessing = 0;
		};
		1A7C352628899F7400FC98F3 /* Frameworks */ = {
			isa = PBXFrameworksBuildPhase;
			buildActionMask = 2147483647;
			files = (
			);
			runOnlyForDeploymentPostprocessing = 0;
		};
		1A7C353028899F7400FC98F3 /* Frameworks */ = {
			isa = PBXFrameworksBuildPhase;
			buildActionMask = 2147483647;
			files = (
			);
			runOnlyForDeploymentPostprocessing = 0;
		};
/* End PBXFrameworksBuildPhase section */

/* Begin PBXGroup section */
		1A7C351028899F7000FC98F3 = {
			isa = PBXGroup;
			children = (
				1A7C351B28899F7000FC98F3 /* EvangelistTest */,
				1A7C352C28899F7400FC98F3 /* EvangelistTestTests */,
				1A7C353628899F7400FC98F3 /* EvangelistTestUITests */,
				1A7C351A28899F7000FC98F3 /* Products */,
			);
			sourceTree = "<group>";
		};
		1A7C351A28899F7000FC98F3 /* Products */ = {
			isa = PBXGroup;
			children = (
				1A7C351928899F7000FC98F3 /* EvangelistTest.app */,
				1A7C352928899F7400FC98F3 /* EvangelistTestTests.xctest */,
				1A7C353328899F7400FC98F3 /* EvangelistTestUITests.xctest */,
			);
			name = Products;
			sourceTree = "<group>";
		};
		1A7C351B28899F7000FC98F3 /* EvangelistTest */ = {
			isa = PBXGroup;
			children = (
				1ABA69692896CCCC005CFB2D /* Controls */,
				1ABA69662896CC12005CFB2D /* Extensions */,
				1A82A6C7288ED3EA0024E2E8 /* Feedback */,
				1A82A6C5288ECFB40024E2E8 /* Features */,
				1AB5924C288CFA4B0092BA5B /* API */,
				1A7C351C28899F7000FC98F3 /* EvangelistTestApp.swift */,
				1A7C351E28899F7000FC98F3 /* ContentView.swift */,
				1A7C352028899F7400FC98F3 /* Assets.xcassets */,
				1A7C352228899F7400FC98F3 /* Preview Content */,
			);
			path = EvangelistTest;
			sourceTree = "<group>";
		};
		1A7C352228899F7400FC98F3 /* Preview Content */ = {
			isa = PBXGroup;
			children = (
				1A7C352328899F7400FC98F3 /* Preview Assets.xcassets */,
			);
			path = "Preview Content";
			sourceTree = "<group>";
		};
		1A7C352C28899F7400FC98F3 /* EvangelistTestTests */ = {
			isa = PBXGroup;
			children = (
				1A7C352D28899F7400FC98F3 /* EvangelistTestTests.swift */,
			);
			path = EvangelistTestTests;
			sourceTree = "<group>";
		};
		1A7C353628899F7400FC98F3 /* EvangelistTestUITests */ = {
			isa = PBXGroup;
			children = (
				1A7C353728899F7400FC98F3 /* EvangelistTestUITests.swift */,
				1A7C353928899F7400FC98F3 /* EvangelistTestUITestsLaunchTests.swift */,
			);
			path = EvangelistTestUITests;
			sourceTree = "<group>";
		};
		1A82A6C5288ECFB40024E2E8 /* Features */ = {
			isa = PBXGroup;
			children = (
				1A82A6C6288ECFCB0024E2E8 /* CurrentWeather */,
			);
			path = Features;
			sourceTree = "<group>";
		};
		1A82A6C6288ECFCB0024E2E8 /* CurrentWeather */ = {
			isa = PBXGroup;
			children = (
				1A82A6CC288ED5DE0024E2E8 /* CurrentWeatherViewModel.swift */,
				1ABA69642896CB3E005CFB2D /* CurrentWeatherView.swift */,
			);
			path = CurrentWeather;
			sourceTree = "<group>";
		};
		1A82A6C7288ED3EA0024E2E8 /* Feedback */ = {
			isa = PBXGroup;
			children = (
				1A82A6C8288ED3F50024E2E8 /* Feedback.swift */,
				1A82A6CA288ED56A0024E2E8 /* System.swift */,
			);
			path = Feedback;
			sourceTree = "<group>";
		};
		1AB5924C288CFA4B0092BA5B /* API */ = {
			isa = PBXGroup;
			children = (
				1AB5924D288CFA5B0092BA5B /* Agent.swift */,
				1AB5924F288CFC230092BA5B /* WeatherAPI.swift */,
				1AB59254288D0B6F0092BA5B /* Request */,
				1AB59251288D04790092BA5B /* DTO */,
			);
			path = API;
			sourceTree = "<group>";
		};
		1AB59251288D04790092BA5B /* DTO */ = {
			isa = PBXGroup;
			children = (
				1AB59252288D08ED0092BA5B /* ResponseDTO.swift */,
			);
			path = DTO;
			sourceTree = "<group>";
		};
		1AB59254288D0B6F0092BA5B /* Request */ = {
			isa = PBXGroup;
			children = (
				1AB59255288D0B7D0092BA5B /* WeatherRequest.swift */,
			);
			path = Request;
			sourceTree = "<group>";
		};
		1ABA69662896CC12005CFB2D /* Extensions */ = {
			isa = PBXGroup;
			children = (
				1ABA69672896CC1A005CFB2D /* View+Ext.swift */,
			);
			path = Extensions;
			sourceTree = "<group>";
		};
		1ABA69692896CCCC005CFB2D /* Controls */ = {
			isa = PBXGroup;
			children = (
				1ABA696A2896CCD6005CFB2D /* Spinner.swift */,
			);
			path = Controls;
			sourceTree = "<group>";
		};
/* End PBXGroup section */

/* Begin PBXNativeTarget section */
		1A7C351828899F7000FC98F3 /* EvangelistTest */ = {
			isa = PBXNativeTarget;
			buildConfigurationList = 1A7C353D28899F7400FC98F3 /* Build configuration list for PBXNativeTarget "EvangelistTest" */;
			buildPhases = (
				1A7C351528899F7000FC98F3 /* Sources */,
				1A7C351628899F7000FC98F3 /* Frameworks */,
				1A7C351728899F7000FC98F3 /* Resources */,
			);
			buildRules = (
			);
			dependencies = (
			);
			name = EvangelistTest;
			productName = EvangelistTest;
			productReference = 1A7C351928899F7000FC98F3 /* EvangelistTest.app */;
			productType = "com.apple.product-type.application";
		};
		1A7C352828899F7400FC98F3 /* EvangelistTestTests */ = {
			isa = PBXNativeTarget;
			buildConfigurationList = 1A7C354028899F7400FC98F3 /* Build configuration list for PBXNativeTarget "EvangelistTestTests" */;
			buildPhases = (
				1A7C352528899F7400FC98F3 /* Sources */,
				1A7C352628899F7400FC98F3 /* Frameworks */,
				1A7C352728899F7400FC98F3 /* Resources */,
			);
			buildRules = (
			);
			dependencies = (
				1A7C352B28899F7400FC98F3 /* PBXTargetDependency */,
			);
			name = EvangelistTestTests;
			productName = EvangelistTestTests;
			productReference = 1A7C352928899F7400FC98F3 /* EvangelistTestTests.xctest */;
			productType = "com.apple.product-type.bundle.unit-test";
		};
		1A7C353228899F7400FC98F3 /* EvangelistTestUITests */ = {
			isa = PBXNativeTarget;
			buildConfigurationList = 1A7C354328899F7400FC98F3 /* Build configuration list for PBXNativeTarget "EvangelistTestUITests" */;
			buildPhases = (
				1A7C352F28899F7400FC98F3 /* Sources */,
				1A7C353028899F7400FC98F3 /* Frameworks */,
				1A7C353128899F7400FC98F3 /* Resources */,
			);
			buildRules = (
			);
			dependencies = (
				1A7C353528899F7400FC98F3 /* PBXTargetDependency */,
			);
			name = EvangelistTestUITests;
			productName = EvangelistTestUITests;
			productReference = 1A7C353328899F7400FC98F3 /* EvangelistTestUITests.xctest */;
			productType = "com.apple.product-type.bundle.ui-testing";
		};
/* End PBXNativeTarget section */

/* Begin PBXProject section */
		1A7C351128899F7000FC98F3 /* Project object */ = {
			isa = PBXProject;
			attributes = {
				BuildIndependentTargetsInParallel = 1;
				LastSwiftUpdateCheck = 1340;
				LastUpgradeCheck = 1340;
				TargetAttributes = {
					1A7C351828899F7000FC98F3 = {
						CreatedOnToolsVersion = 13.4;
					};
					1A7C352828899F7400FC98F3 = {
						CreatedOnToolsVersion = 13.4;
						TestTargetID = 1A7C351828899F7000FC98F3;
					};
					1A7C353228899F7400FC98F3 = {
						CreatedOnToolsVersion = 13.4;
						TestTargetID = 1A7C351828899F7000FC98F3;
					};
				};
			};
			buildConfigurationList = 1A7C351428899F7000FC98F3 /* Build configuration list for PBXProject "EvangelistTest" */;
			compatibilityVersion = "Xcode 13.0";
			developmentRegion = en;
			hasScannedForEncodings = 0;
			knownRegions = (
				en,
				Base,
			);
			mainGroup = 1A7C351028899F7000FC98F3;
			productRefGroup = 1A7C351A28899F7000FC98F3 /* Products */;
			projectDirPath = "";
			projectRoot = "";
			targets = (
				1A7C351828899F7000FC98F3 /* EvangelistTest */,
				1A7C352828899F7400FC98F3 /* EvangelistTestTests */,
				1A7C353228899F7400FC98F3 /* EvangelistTestUITests */,
			);
		};
/* End PBXProject section */

/* Begin PBXResourcesBuildPhase section */
		1A7C351728899F7000FC98F3 /* Resources */ = {
			isa = PBXResourcesBuildPhase;
			buildActionMask = 2147483647;
			files = (
				1A7C352428899F7400FC98F3 /* Preview Assets.xcassets in Resources */,
				1A7C352128899F7400FC98F3 /* Assets.xcassets in Resources */,
			);
			runOnlyForDeploymentPostprocessing = 0;
		};
		1A7C352728899F7400FC98F3 /* Resources */ = {
			isa = PBXResourcesBuildPhase;
			buildActionMask = 2147483647;
			files = (
			);
			runOnlyForDeploymentPostprocessing = 0;
		};
		1A7C353128899F7400FC98F3 /* Resources */ = {
			isa = PBXResourcesBuildPhase;
			buildActionMask = 2147483647;
			files = (
			);
			runOnlyForDeploymentPostprocessing = 0;
		};
/* End PBXResourcesBuildPhase section */

/* Begin PBXSourcesBuildPhase section */
		1A7C351528899F7000FC98F3 /* Sources */ = {
			isa = PBXSourcesBuildPhase;
			buildActionMask = 2147483647;
			files = (
				1AB59256288D0B7D0092BA5B /* WeatherRequest.swift in Sources */,
				1AB5924E288CFA5B0092BA5B /* Agent.swift in Sources */,
				1A82A6CD288ED5DE0024E2E8 /* CurrentWeatherViewModel.swift in Sources */,
				1ABA69652896CB3E005CFB2D /* CurrentWeatherView.swift in Sources */,
				1AB59250288CFC230092BA5B /* WeatherAPI.swift in Sources */,
				1A7C351F28899F7000FC98F3 /* ContentView.swift in Sources */,
				1A82A6CB288ED56A0024E2E8 /* System.swift in Sources */,
				1ABA696B2896CCD6005CFB2D /* Spinner.swift in Sources */,
				1ABA69682896CC1A005CFB2D /* View+Ext.swift in Sources */,
				1AB59253288D08ED0092BA5B /* ResponseDTO.swift in Sources */,
				1A82A6C9288ED3F50024E2E8 /* Feedback.swift in Sources */,
				1A7C351D28899F7000FC98F3 /* EvangelistTestApp.swift in Sources */,
			);
			runOnlyForDeploymentPostprocessing = 0;
		};
		1A7C352528899F7400FC98F3 /* Sources */ = {
			isa = PBXSourcesBuildPhase;
			buildActionMask = 2147483647;
			files = (
				1A7C352E28899F7400FC98F3 /* EvangelistTestTests.swift in Sources */,
			);
			runOnlyForDeploymentPostprocessing = 0;
		};
		1A7C352F28899F7400FC98F3 /* Sources */ = {
			isa = PBXSourcesBuildPhase;
			buildActionMask = 2147483647;
			files = (
				1A7C353A28899F7400FC98F3 /* EvangelistTestUITestsLaunchTests.swift in Sources */,
				1A7C353828899F7400FC98F3 /* EvangelistTestUITests.swift in Sources */,
			);
			runOnlyForDeploymentPostprocessing = 0;
		};
/* End PBXSourcesBuildPhase section */

/* Begin PBXTargetDependency section */
		1A7C352B28899F7400FC98F3 /* PBXTargetDependency */ = {
			isa = PBXTargetDependency;
			target = 1A7C351828899F7000FC98F3 /* EvangelistTest */;
			targetProxy = 1A7C352A28899F7400FC98F3 /* PBXContainerItemProxy */;
		};
		1A7C353528899F7400FC98F3 /* PBXTargetDependency */ = {
			isa = PBXTargetDependency;
			target = 1A7C351828899F7000FC98F3 /* EvangelistTest */;
			targetProxy = 1A7C353428899F7400FC98F3 /* PBXContainerItemProxy */;
		};
/* End PBXTargetDependency section */

/* Begin XCBuildConfiguration section */
		1A7C353B28899F7400FC98F3 /* Debug */ = {
			isa = XCBuildConfiguration;
			buildSettings = {
				ALWAYS_SEARCH_USER_PATHS = NO;
				CLANG_ANALYZER_NONNULL = YES;
				CLANG_ANALYZER_NUMBER_OBJECT_CONVERSION = YES_AGGRESSIVE;
				CLANG_CXX_LANGUAGE_STANDARD = "gnu++17";
				CLANG_ENABLE_MODULES = YES;
				CLANG_ENABLE_OBJC_ARC = YES;
				CLANG_ENABLE_OBJC_WEAK = YES;
				CLANG_WARN_BLOCK_CAPTURE_AUTORELEASING = YES;
				CLANG_WARN_BOOL_CONVERSION = YES;
				CLANG_WARN_COMMA = YES;
				CLANG_WARN_CONSTANT_CONVERSION = YES;
				CLANG_WARN_DEPRECATED_OBJC_IMPLEMENTATIONS = YES;
				CLANG_WARN_DIRECT_OBJC_ISA_USAGE = YES_ERROR;
				CLANG_WARN_DOCUMENTATION_COMMENTS = YES;
				CLANG_WARN_EMPTY_BODY = YES;
				CLANG_WARN_ENUM_CONVERSION = YES;
				CLANG_WARN_INFINITE_RECURSION = YES;
				CLANG_WARN_INT_CONVERSION = YES;
				CLANG_WARN_NON_LITERAL_NULL_CONVERSION = YES;
				CLANG_WARN_OBJC_IMPLICIT_RETAIN_SELF = YES;
				CLANG_WARN_OBJC_LITERAL_CONVERSION = YES;
				CLANG_WARN_OBJC_ROOT_CLASS = YES_ERROR;
				CLANG_WARN_QUOTED_INCLUDE_IN_FRAMEWORK_HEADER = YES;
				CLANG_WARN_RANGE_LOOP_ANALYSIS = YES;
				CLANG_WARN_STRICT_PROTOTYPES = YES;
				CLANG_WARN_SUSPICIOUS_MOVE = YES;
				CLANG_WARN_UNGUARDED_AVAILABILITY = YES_AGGRESSIVE;
				CLANG_WARN_UNREACHABLE_CODE = YES;
				CLANG_WARN__DUPLICATE_METHOD_MATCH = YES;
				COPY_PHASE_STRIP = NO;
				DEBUG_INFORMATION_FORMAT = dwarf;
				ENABLE_STRICT_OBJC_MSGSEND = YES;
				ENABLE_TESTABILITY = YES;
				GCC_C_LANGUAGE_STANDARD = gnu11;
				GCC_DYNAMIC_NO_PIC = NO;
				GCC_NO_COMMON_BLOCKS = YES;
				GCC_OPTIMIZATION_LEVEL = 0;
				GCC_PREPROCESSOR_DEFINITIONS = (
					"DEBUG=1",
					"$(inherited)",
				);
				GCC_WARN_64_TO_32_BIT_CONVERSION = YES;
				GCC_WARN_ABOUT_RETURN_TYPE = YES_ERROR;
				GCC_WARN_UNDECLARED_SELECTOR = YES;
				GCC_WARN_UNINITIALIZED_AUTOS = YES_AGGRESSIVE;
				GCC_WARN_UNUSED_FUNCTION = YES;
				GCC_WARN_UNUSED_VARIABLE = YES;
				IPHONEOS_DEPLOYMENT_TARGET = 15.5;
				MTL_ENABLE_DEBUG_INFO = INCLUDE_SOURCE;
				MTL_FAST_MATH = YES;
				ONLY_ACTIVE_ARCH = YES;
				SDKROOT = iphoneos;
				SWIFT_ACTIVE_COMPILATION_CONDITIONS = DEBUG;
				SWIFT_OPTIMIZATION_LEVEL = "-Onone";
			};
			name = Debug;
		};
		1A7C353C28899F7400FC98F3 /* Release */ = {
			isa = XCBuildConfiguration;
			buildSettings = {
				ALWAYS_SEARCH_USER_PATHS = NO;
				CLANG_ANALYZER_NONNULL = YES;
				CLANG_ANALYZER_NUMBER_OBJECT_CONVERSION = YES_AGGRESSIVE;
				CLANG_CXX_LANGUAGE_STANDARD = "gnu++17";
				CLANG_ENABLE_MODULES = YES;
				CLANG_ENABLE_OBJC_ARC = YES;
				CLANG_ENABLE_OBJC_WEAK = YES;
				CLANG_WARN_BLOCK_CAPTURE_AUTORELEASING = YES;
				CLANG_WARN_BOOL_CONVERSION = YES;
				CLANG_WARN_COMMA = YES;
				CLANG_WARN_CONSTANT_CONVERSION = YES;
				CLANG_WARN_DEPRECATED_OBJC_IMPLEMENTATIONS = YES;
				CLANG_WARN_DIRECT_OBJC_ISA_USAGE = YES_ERROR;
				CLANG_WARN_DOCUMENTATION_COMMENTS = YES;
				CLANG_WARN_EMPTY_BODY = YES;
				CLANG_WARN_ENUM_CONVERSION = YES;
				CLANG_WARN_INFINITE_RECURSION = YES;
				CLANG_WARN_INT_CONVERSION = YES;
				CLANG_WARN_NON_LITERAL_NULL_CONVERSION = YES;
				CLANG_WARN_OBJC_IMPLICIT_RETAIN_SELF = YES;
				CLANG_WARN_OBJC_LITERAL_CONVERSION = YES;
				CLANG_WARN_OBJC_ROOT_CLASS = YES_ERROR;
				CLANG_WARN_QUOTED_INCLUDE_IN_FRAMEWORK_HEADER = YES;
				CLANG_WARN_RANGE_LOOP_ANALYSIS = YES;
				CLANG_WARN_STRICT_PROTOTYPES = YES;
				CLANG_WARN_SUSPICIOUS_MOVE = YES;
				CLANG_WARN_UNGUARDED_AVAILABILITY = YES_AGGRESSIVE;
				CLANG_WARN_UNREACHABLE_CODE = YES;
				CLANG_WARN__DUPLICATE_METHOD_MATCH = YES;
				COPY_PHASE_STRIP = NO;
				DEBUG_INFORMATION_FORMAT = "dwarf-with-dsym";
				ENABLE_NS_ASSERTIONS = NO;
				ENABLE_STRICT_OBJC_MSGSEND = YES;
				GCC_C_LANGUAGE_STANDARD = gnu11;
				GCC_NO_COMMON_BLOCKS = YES;
				GCC_WARN_64_TO_32_BIT_CONVERSION = YES;
				GCC_WARN_ABOUT_RETURN_TYPE = YES_ERROR;
				GCC_WARN_UNDECLARED_SELECTOR = YES;
				GCC_WARN_UNINITIALIZED_AUTOS = YES_AGGRESSIVE;
				GCC_WARN_UNUSED_FUNCTION = YES;
				GCC_WARN_UNUSED_VARIABLE = YES;
				IPHONEOS_DEPLOYMENT_TARGET = 15.5;
				MTL_ENABLE_DEBUG_INFO = NO;
				MTL_FAST_MATH = YES;
				SDKROOT = iphoneos;
				SWIFT_COMPILATION_MODE = wholemodule;
				SWIFT_OPTIMIZATION_LEVEL = "-O";
				VALIDATE_PRODUCT = YES;
			};
			name = Release;
		};
		1A7C353E28899F7400FC98F3 /* Debug */ = {
			isa = XCBuildConfiguration;
			buildSettings = {
				ASSETCATALOG_COMPILER_APPICON_NAME = AppIcon;
				ASSETCATALOG_COMPILER_GLOBAL_ACCENT_COLOR_NAME = AccentColor;
				CODE_SIGN_STYLE = Automatic;
				CURRENT_PROJECT_VERSION = 1;
				DEVELOPMENT_ASSET_PATHS = "\"EvangelistTest/Preview Content\"";
				DEVELOPMENT_TEAM = K2TYLYAWMK;
				ENABLE_PREVIEWS = YES;
				GENERATE_INFOPLIST_FILE = YES;
				INFOPLIST_KEY_UIApplicationSceneManifest_Generation = YES;
				INFOPLIST_KEY_UIApplicationSupportsIndirectInputEvents = YES;
				INFOPLIST_KEY_UILaunchScreen_Generation = YES;
				INFOPLIST_KEY_UISupportedInterfaceOrientations_iPad = "UIInterfaceOrientationPortrait UIInterfaceOrientationPortraitUpsideDown UIInterfaceOrientationLandscapeLeft UIInterfaceOrientationLandscapeRight";
				INFOPLIST_KEY_UISupportedInterfaceOrientations_iPhone = "UIInterfaceOrientationPortrait UIInterfaceOrientationLandscapeLeft UIInterfaceOrientationLandscapeRight";
				IPHONEOS_DEPLOYMENT_TARGET = 14.0;
				LD_RUNPATH_SEARCH_PATHS = (
					"$(inherited)",
					"@executable_path/Frameworks",
				);
				MARKETING_VERSION = 1.0;
				PRODUCT_BUNDLE_IDENTIFIER = evangelist.com.EvangelistTest;
				PRODUCT_NAME = "$(TARGET_NAME)";
				SWIFT_EMIT_LOC_STRINGS = YES;
				SWIFT_VERSION = 5.0;
				TARGETED_DEVICE_FAMILY = "1,2";
			};
			name = Debug;
		};
		1A7C353F28899F7400FC98F3 /* Release */ = {
			isa = XCBuildConfiguration;
			buildSettings = {
				ASSETCATALOG_COMPILER_APPICON_NAME = AppIcon;
				ASSETCATALOG_COMPILER_GLOBAL_ACCENT_COLOR_NAME = AccentColor;
				CODE_SIGN_STYLE = Automatic;
				CURRENT_PROJECT_VERSION = 1;
				DEVELOPMENT_ASSET_PATHS = "\"EvangelistTest/Preview Content\"";
				DEVELOPMENT_TEAM = K2TYLYAWMK;
				ENABLE_PREVIEWS = YES;
				GENERATE_INFOPLIST_FILE = YES;
				INFOPLIST_KEY_UIApplicationSceneManifest_Generation = YES;
				INFOPLIST_KEY_UIApplicationSupportsIndirectInputEvents = YES;
				INFOPLIST_KEY_UILaunchScreen_Generation = YES;
				INFOPLIST_KEY_UISupportedInterfaceOrientations_iPad = "UIInterfaceOrientationPortrait UIInterfaceOrientationPortraitUpsideDown UIInterfaceOrientationLandscapeLeft UIInterfaceOrientationLandscapeRight";
				INFOPLIST_KEY_UISupportedInterfaceOrientations_iPhone = "UIInterfaceOrientationPortrait UIInterfaceOrientationLandscapeLeft UIInterfaceOrientationLandscapeRight";
				IPHONEOS_DEPLOYMENT_TARGET = 14.0;
				LD_RUNPATH_SEARCH_PATHS = (
					"$(inherited)",
					"@executable_path/Frameworks",
				);
				MARKETING_VERSION = 1.0;
				PRODUCT_BUNDLE_IDENTIFIER = evangelist.com.EvangelistTest;
				PRODUCT_NAME = "$(TARGET_NAME)";
				SWIFT_EMIT_LOC_STRINGS = YES;
				SWIFT_VERSION = 5.0;
				TARGETED_DEVICE_FAMILY = "1,2";
			};
			name = Release;
		};
		1A7C354128899F7400FC98F3 /* Debug */ = {
			isa = XCBuildConfiguration;
			buildSettings = {
				ALWAYS_EMBED_SWIFT_STANDARD_LIBRARIES = YES;
				BUNDLE_LOADER = "$(TEST_HOST)";
				CODE_SIGN_STYLE = Automatic;
				CURRENT_PROJECT_VERSION = 1;
				DEVELOPMENT_TEAM = K2TYLYAWMK;
				GENERATE_INFOPLIST_FILE = YES;
				IPHONEOS_DEPLOYMENT_TARGET = 15.5;
				MARKETING_VERSION = 1.0;
				PRODUCT_BUNDLE_IDENTIFIER = evangelist.com.EvangelistTestTests;
				PRODUCT_NAME = "$(TARGET_NAME)";
				SWIFT_EMIT_LOC_STRINGS = NO;
				SWIFT_VERSION = 5.0;
				TARGETED_DEVICE_FAMILY = "1,2";
				TEST_HOST = "$(BUILT_PRODUCTS_DIR)/EvangelistTest.app/EvangelistTest";
			};
			name = Debug;
		};
		1A7C354228899F7400FC98F3 /* Release */ = {
			isa = XCBuildConfiguration;
			buildSettings = {
				ALWAYS_EMBED_SWIFT_STANDARD_LIBRARIES = YES;
				BUNDLE_LOADER = "$(TEST_HOST)";
				CODE_SIGN_STYLE = Automatic;
				CURRENT_PROJECT_VERSION = 1;
				DEVELOPMENT_TEAM = K2TYLYAWMK;
				GENERATE_INFOPLIST_FILE = YES;
				IPHONEOS_DEPLOYMENT_TARGET = 15.5;
				MARKETING_VERSION = 1.0;
				PRODUCT_BUNDLE_IDENTIFIER = evangelist.com.EvangelistTestTests;
				PRODUCT_NAME = "$(TARGET_NAME)";
				SWIFT_EMIT_LOC_STRINGS = NO;
				SWIFT_VERSION = 5.0;
				TARGETED_DEVICE_FAMILY = "1,2";
				TEST_HOST = "$(BUILT_PRODUCTS_DIR)/EvangelistTest.app/EvangelistTest";
			};
			name = Release;
		};
		1A7C354428899F7400FC98F3 /* Debug */ = {
			isa = XCBuildConfiguration;
			buildSettings = {
				ALWAYS_EMBED_SWIFT_STANDARD_LIBRARIES = YES;
				CODE_SIGN_STYLE = Automatic;
				CURRENT_PROJECT_VERSION = 1;
				DEVELOPMENT_TEAM = K2TYLYAWMK;
				GENERATE_INFOPLIST_FILE = YES;
				MARKETING_VERSION = 1.0;
				PRODUCT_BUNDLE_IDENTIFIER = evangelist.com.EvangelistTestUITests;
				PRODUCT_NAME = "$(TARGET_NAME)";
				SWIFT_EMIT_LOC_STRINGS = NO;
				SWIFT_VERSION = 5.0;
				TARGETED_DEVICE_FAMILY = "1,2";
				TEST_TARGET_NAME = EvangelistTest;
			};
			name = Debug;
		};
		1A7C354528899F7400FC98F3 /* Release */ = {
			isa = XCBuildConfiguration;
			buildSettings = {
				ALWAYS_EMBED_SWIFT_STANDARD_LIBRARIES = YES;
				CODE_SIGN_STYLE = Automatic;
				CURRENT_PROJECT_VERSION = 1;
				DEVELOPMENT_TEAM = K2TYLYAWMK;
				GENERATE_INFOPLIST_FILE = YES;
				MARKETING_VERSION = 1.0;
				PRODUCT_BUNDLE_IDENTIFIER = evangelist.com.EvangelistTestUITests;
				PRODUCT_NAME = "$(TARGET_NAME)";
				SWIFT_EMIT_LOC_STRINGS = NO;
				SWIFT_VERSION = 5.0;
				TARGETED_DEVICE_FAMILY = "1,2";
				TEST_TARGET_NAME = EvangelistTest;
			};
			name = Release;
		};
/* End XCBuildConfiguration section */

/* Begin XCConfigurationList section */
		1A7C351428899F7000FC98F3 /* Build configuration list for PBXProject "EvangelistTest" */ = {
			isa = XCConfigurationList;
			buildConfigurations = (
				1A7C353B28899F7400FC98F3 /* Debug */,
				1A7C353C28899F7400FC98F3 /* Release */,
			);
			defaultConfigurationIsVisible = 0;
			defaultConfigurationName = Release;
		};
		1A7C353D28899F7400FC98F3 /* Build configuration list for PBXNativeTarget "EvangelistTest" */ = {
			isa = XCConfigurationList;
			buildConfigurations = (
				1A7C353E28899F7400FC98F3 /* Debug */,
				1A7C353F28899F7400FC98F3 /* Release */,
			);
			defaultConfigurationIsVisible = 0;
			defaultConfigurationName = Release;
		};
		1A7C354028899F7400FC98F3 /* Build configuration list for PBXNativeTarget "EvangelistTestTests" */ = {
			isa = XCConfigurationList;
			buildConfigurations = (
				1A7C354128899F7400FC98F3 /* Debug */,
				1A7C354228899F7400FC98F3 /* Release */,
			);
			defaultConfigurationIsVisible = 0;
			defaultConfigurationName = Release;
		};
		1A7C354328899F7400FC98F3 /* Build configuration list for PBXNativeTarget "EvangelistTestUITests" */ = {
			isa = XCConfigurationList;
			buildConfigurations = (
				1A7C354428899F7400FC98F3 /* Debug */,
				1A7C354528899F7400FC98F3 /* Release */,
			);
			defaultConfigurationIsVisible = 0;
			defaultConfigurationName = Release;
		};
/* End XCConfigurationList section */
	};
	rootObject = 1A7C351128899F7000FC98F3 /* Project object */;
}
